{
  "name": "sjs-tauri_test",
  "version": "0.0.0",
  "lockfileVersion": 3,
  "requires": true,
  "packages": {
    "": {
      "name": "sjs-tauri_test",
      "version": "0.0.0",
      "devDependencies": {
        "@tauri-apps/cli": ">=2.0.0-beta.0"
      }
    },
    "node_modules/@tauri-apps/cli": {
      "version": "2.0.0-beta.8",
      "resolved": "https://registry.npmjs.org/@tauri-apps/cli/-/cli-2.0.0-beta.8.tgz",
      "integrity": "sha512-2JdNevdgV9XS0NYUv3prZgXBbfVkTo++Ku0fy3adzgWJl47hZi2TFrLzKdjNHdr3N44Vb4dfbvTIScqQUM5t9w==",
      "dev": true,
      "bin": {
        "tauri": "tauri.js"
      },
      "engines": {
        "node": ">= 10"
      },
      "funding": {
        "type": "opencollective",
        "url": "https://opencollective.com/tauri"
      },
      "optionalDependencies": {
        "@tauri-apps/cli-darwin-arm64": "2.0.0-beta.8",
        "@tauri-apps/cli-darwin-x64": "2.0.0-beta.8",
        "@tauri-apps/cli-linux-arm-gnueabihf": "2.0.0-beta.8",
        "@tauri-apps/cli-linux-arm64-gnu": "2.0.0-beta.8",
        "@tauri-apps/cli-linux-arm64-musl": "2.0.0-beta.8",
        "@tauri-apps/cli-linux-x64-gnu": "2.0.0-beta.8",
        "@tauri-apps/cli-linux-x64-musl": "2.0.0-beta.8",
        "@tauri-apps/cli-win32-arm64-msvc": "2.0.0-beta.8",
        "@tauri-apps/cli-win32-ia32-msvc": "2.0.0-beta.8",
        "@tauri-apps/cli-win32-x64-msvc": "2.0.0-beta.8"
      }
    },
    "node_modules/@tauri-apps/cli-darwin-arm64": {
      "version": "2.0.0-beta.8",
      "resolved": "https://registry.npmjs.org/@tauri-apps/cli-darwin-arm64/-/cli-darwin-arm64-2.0.0-beta.8.tgz",
      "integrity": "sha512-mE+4uA9ZWkZqzr51V+wybFfsbYh6748IAcbpUM7C78H0vIgdm0lQe4jKK7rp1UCFQvpqRBv7OBq5cCKKK0I0Tg==",
      "cpu": [
        "arm64"
      ],
      "dev": true,
      "optional": true,
      "os": [
        "darwin"
      ],
      "engines": {
        "node": ">= 10"
      }
    },
    "node_modules/@tauri-apps/cli-darwin-x64": {
      "version": "2.0.0-beta.8",
      "resolved": "https://registry.npmjs.org/@tauri-apps/cli-darwin-x64/-/cli-darwin-x64-2.0.0-beta.8.tgz",
      "integrity": "sha512-+9GeV1Wkfx5p8x4yD1BCyUnuANLEiGUILmN75Nt8cGfjMc9VupExW4qiqebcOcJ+M7iddmYauS9PsOAmmJx9VQ==",
      "cpu": [
        "x64"
      ],
      "dev": true,
      "optional": true,
      "os": [
        "darwin"
      ],
      "engines": {
        "node": ">= 10"
      }
    },
    "node_modules/@tauri-apps/cli-linux-arm-gnueabihf": {
      "version": "2.0.0-beta.8",
      "resolved": "https://registry.npmjs.org/@tauri-apps/cli-linux-arm-gnueabihf/-/cli-linux-arm-gnueabihf-2.0.0-beta.8.tgz",
      "integrity": "sha512-SvI8RX4h/e9mnxWST1BYG9mvYwsZzC7OcG5iVWlWQ0VGE+4dBVhVAT6blHw1ZP/MMKHmJUYWKeB7+baNXOCLSg==",
      "cpu": [
        "arm"
      ],
      "dev": true,
      "optional": true,
      "os": [
        "linux"
      ],
      "engines": {
        "node": ">= 10"
      }
    },
    "node_modules/@tauri-apps/cli-linux-arm64-gnu": {
      "version": "2.0.0-beta.8",
      "resolved": "https://registry.npmjs.org/@tauri-apps/cli-linux-arm64-gnu/-/cli-linux-arm64-gnu-2.0.0-beta.8.tgz",
      "integrity": "sha512-KxpUxWPXZNNob2hHmPFjKR7c3IRyIyurDgVVQnrNmrokTKInch4sSZgAAyFt2U65D7UKI7OGl8D5ZBF3wqQlwg==",
      "cpu": [
        "arm64"
      ],
      "dev": true,
      "optional": true,
      "os": [
        "linux"
      ],
      "engines": {
        "node": ">= 10"
      }
    },
    "node_modules/@tauri-apps/cli-linux-arm64-musl": {
      "version": "2.0.0-beta.8",
      "resolved": "https://registry.npmjs.org/@tauri-apps/cli-linux-arm64-musl/-/cli-linux-arm64-musl-2.0.0-beta.8.tgz",
      "integrity": "sha512-6arbz0HcYtWp9wpA4CizYlYuLW3XzeLJmkF7ntWFTqLkUHfgcv731bodb7jVwt/Tx00OAcitGvMVM7cpHS6UlA==",
      "cpu": [
        "arm64"
      ],
      "dev": true,
      "optional": true,
      "os": [
        "linux"
      ],
      "engines": {
        "node": ">= 10"
      }
    },
    "node_modules/@tauri-apps/cli-linux-x64-gnu": {
      "version": "2.0.0-beta.8",
      "resolved": "https://registry.npmjs.org/@tauri-apps/cli-linux-x64-gnu/-/cli-linux-x64-gnu-2.0.0-beta.8.tgz",
      "integrity": "sha512-mKwIEyrzBTwMDNpfd/6F/+tyWcu13hbXreEK31FX197zkLvWD+W3R6H2RU1vkC/sp3wfnsgpgX6R7lA2w4zoUw==",
      "cpu": [
        "x64"
      ],
      "dev": true,
      "optional": true,
      "os": [
        "linux"
      ],
      "engines": {
        "node": ">= 10"
      }
    },
    "node_modules/@tauri-apps/cli-linux-x64-musl": {
      "version": "2.0.0-beta.8",
      "resolved": "https://registry.npmjs.org/@tauri-apps/cli-linux-x64-musl/-/cli-linux-x64-musl-2.0.0-beta.8.tgz",
      "integrity": "sha512-TqcH16NClAf2BQugkznXXM+CBlZ21WJG+OLJoWCYg1IjDfp7yqiUDXSkMR0N4xAFu68yzjjMkOAvBmB41X/Nxg==",
      "cpu": [
        "x64"
      ],
      "dev": true,
      "optional": true,
      "os": [
        "linux"
      ],
      "engines": {
        "node": ">= 10"
      }
    },
    "node_modules/@tauri-apps/cli-win32-arm64-msvc": {
      "version": "2.0.0-beta.8",
      "resolved": "https://registry.npmjs.org/@tauri-apps/cli-win32-arm64-msvc/-/cli-win32-arm64-msvc-2.0.0-beta.8.tgz",
      "integrity": "sha512-88OgkwOsvpBzF4MzNX9fUAsn0uk/jRL77H7fBqlLnuFJyHAcrnzi34eWV65yEuRs0ZpXVKnxOFd5LrQRcsfn7w==",
      "cpu": [
        "arm64"
      ],
      "dev": true,
      "optional": true,
      "os": [
        "win32"
      ],
      "engines": {
        "node": ">= 10"
      }
    },
    "node_modules/@tauri-apps/cli-win32-ia32-msvc": {
      "version": "2.0.0-beta.8",
      "resolved": "https://registry.npmjs.org/@tauri-apps/cli-win32-ia32-msvc/-/cli-win32-ia32-msvc-2.0.0-beta.8.tgz",
      "integrity": "sha512-iCkT0vE58WjUAWJoxVrt4u38/xXJYLx4sZX57uVyPl/ZG2OBNsKFxaREfLCyrPcqueeJyfKUq+t7ZMoyFK+rfQ==",
      "cpu": [
        "ia32"
      ],
      "dev": true,
      "optional": true,
      "os": [
        "win32"
      ],
      "engines": {
        "node": ">= 10"
      }
    },
    "node_modules/@tauri-apps/cli-win32-x64-msvc": {
      "version": "2.0.0-beta.8",
      "resolved": "https://registry.npmjs.org/@tauri-apps/cli-win32-x64-msvc/-/cli-win32-x64-msvc-2.0.0-beta.8.tgz",
      "integrity": "sha512-8j2P9dB+snwUCOL9sPi71+645xqcphx79W36uN+gmS+FJXgxbhMS56QxLD2SxruwQVhSGQBI4H4Ja9ys9Ye/TA==",
      "cpu": [
        "x64"
      ],
      "dev": true,
      "optional": true,
      "os": [
        "win32"
      ],
      "engines": {
        "node": ">= 10"
      }
    }
  }
}
