{
  "name": "sjs-tauri_test",
  "version": "0.0.0",
  "lockfileVersion": 3,
  "requires": true,
  "packages": {
    "": {
      "name": "sjs-tauri_test",
      "version": "0.0.0",
      "devDependencies": {
        "@tauri-apps/cli": ">=2.0.0-beta.0"
      }
    },
    "node_modules/@tauri-apps/cli": {
      "version": "2.0.0-beta.7",
      "resolved": "https://registry.npmjs.org/@tauri-apps/cli/-/cli-2.0.0-beta.7.tgz",
      "integrity": "sha512-ZaXvF46H+bSkP31C3ygFMhH3RAkdUnmxsGe5YKPublOnsWkyEvj9OLafBt2rTedF5Ko6HsIFqtgp4MqT9K9mHg==",
      "dev": true,
      "bin": {
        "tauri": "tauri.js"
      },
      "engines": {
        "node": ">= 10"
      },
      "funding": {
        "type": "opencollective",
        "url": "https://opencollective.com/tauri"
      },
      "optionalDependencies": {
        "@tauri-apps/cli-darwin-arm64": "2.0.0-beta.7",
        "@tauri-apps/cli-darwin-x64": "2.0.0-beta.7",
        "@tauri-apps/cli-linux-arm-gnueabihf": "2.0.0-beta.7",
        "@tauri-apps/cli-linux-arm64-gnu": "2.0.0-beta.7",
        "@tauri-apps/cli-linux-arm64-musl": "2.0.0-beta.7",
        "@tauri-apps/cli-linux-x64-gnu": "2.0.0-beta.7",
        "@tauri-apps/cli-linux-x64-musl": "2.0.0-beta.7",
        "@tauri-apps/cli-win32-arm64-msvc": "2.0.0-beta.7",
        "@tauri-apps/cli-win32-ia32-msvc": "2.0.0-beta.7",
        "@tauri-apps/cli-win32-x64-msvc": "2.0.0-beta.7"
      }
    },
    "node_modules/@tauri-apps/cli-darwin-arm64": {
      "version": "2.0.0-beta.7",
      "resolved": "https://registry.npmjs.org/@tauri-apps/cli-darwin-arm64/-/cli-darwin-arm64-2.0.0-beta.7.tgz",
      "integrity": "sha512-pwPkYEmIKRWbjxTCzPob67ecH8BrdYuE40chTRKudKCOgSahxW3oRHXnF8f7MU1pd34XpMG0vjwbETc0NA4DJw==",
      "cpu": [
        "arm64"
      ],
      "dev": true,
      "optional": true,
      "os": [
        "darwin"
      ],
      "engines": {
        "node": ">= 10"
      }
    },
    "node_modules/@tauri-apps/cli-darwin-x64": {
      "version": "2.0.0-beta.7",
      "resolved": "https://registry.npmjs.org/@tauri-apps/cli-darwin-x64/-/cli-darwin-x64-2.0.0-beta.7.tgz",
      "integrity": "sha512-GP0u+CQxS9bRzxECtiFpAaEmhxibyCKRNhXVzbUwKkqbYtPKHnL5ZkppaQGZ+72aU+ezN2wyUGJM2JywGO6WrA==",
      "cpu": [
        "x64"
      ],
      "dev": true,
      "optional": true,
      "os": [
        "darwin"
      ],
      "engines": {
        "node": ">= 10"
      }
    },
    "node_modules/@tauri-apps/cli-linux-arm-gnueabihf": {
      "version": "2.0.0-beta.7",
      "resolved": "https://registry.npmjs.org/@tauri-apps/cli-linux-arm-gnueabihf/-/cli-linux-arm-gnueabihf-2.0.0-beta.7.tgz",
      "integrity": "sha512-oFMPnELZaXav3BzJimezP7gNxH44MHdBn2uOO1GkS8aV5P3GRBdu2xqwz2jr1awxfu0MAqTFj2ed9MsjiDDLhw==",
      "cpu": [
        "arm"
      ],
      "dev": true,
      "optional": true,
      "os": [
        "linux"
      ],
      "engines": {
        "node": ">= 10"
      }
    },
    "node_modules/@tauri-apps/cli-linux-arm64-gnu": {
      "version": "2.0.0-beta.7",
      "resolved": "https://registry.npmjs.org/@tauri-apps/cli-linux-arm64-gnu/-/cli-linux-arm64-gnu-2.0.0-beta.7.tgz",
      "integrity": "sha512-89MoAIRlIA8+qMpOEZZQ2+Q4LBUY1kwMGNS3mg5OJDU0+vSfNUkLr17Zvjwqizd/tVUp/vTWNWtSPthm8wliHQ==",
      "cpu": [
        "arm64"
      ],
      "dev": true,
      "optional": true,
      "os": [
        "linux"
      ],
      "engines": {
        "node": ">= 10"
      }
    },
    "node_modules/@tauri-apps/cli-linux-arm64-musl": {
      "version": "2.0.0-beta.7",
      "resolved": "https://registry.npmjs.org/@tauri-apps/cli-linux-arm64-musl/-/cli-linux-arm64-musl-2.0.0-beta.7.tgz",
      "integrity": "sha512-3TM4YapftA+VU555CQ8xxZhkcGDCGuJ+2X3qaHY4XEgC2viyke7MybbA6duHhb1HY64rZhSx6y5cqi9SE/AsSg==",
      "cpu": [
        "arm64"
      ],
      "dev": true,
      "optional": true,
      "os": [
        "linux"
      ],
      "engines": {
        "node": ">= 10"
      }
    },
    "node_modules/@tauri-apps/cli-linux-x64-gnu": {
      "version": "2.0.0-beta.7",
      "resolved": "https://registry.npmjs.org/@tauri-apps/cli-linux-x64-gnu/-/cli-linux-x64-gnu-2.0.0-beta.7.tgz",
      "integrity": "sha512-+NbQOJheRZGTm5EF8h0y7JB1sW5qi1kTwqSCVeePJJStQX8QG2RmWdDbo44/PGLOwy8iJlGH/Tlo+ZaHuWtV9A==",
      "cpu": [
        "x64"
      ],
      "dev": true,
      "optional": true,
      "os": [
        "linux"
      ],
      "engines": {
        "node": ">= 10"
      }
    },
    "node_modules/@tauri-apps/cli-linux-x64-musl": {
      "version": "2.0.0-beta.7",
      "resolved": "https://registry.npmjs.org/@tauri-apps/cli-linux-x64-musl/-/cli-linux-x64-musl-2.0.0-beta.7.tgz",
      "integrity": "sha512-1uDMC3Uh8yFWsKRkwrwLWY9pQ1uQ008lAimNedlGnuSJ3dW3SViNGbhdmvKw/lrXL24183ppGv2z/B6c/DydBg==",
      "cpu": [
        "x64"
      ],
      "dev": true,
      "optional": true,
      "os": [
        "linux"
      ],
      "engines": {
        "node": ">= 10"
      }
    },
    "node_modules/@tauri-apps/cli-win32-arm64-msvc": {
      "version": "2.0.0-beta.7",
      "resolved": "https://registry.npmjs.org/@tauri-apps/cli-win32-arm64-msvc/-/cli-win32-arm64-msvc-2.0.0-beta.7.tgz",
      "integrity": "sha512-166jg+BfgFw22Hj0oZgU1ujWb5Gzf0+4p8L9Vuzu0Ne7U8flHfvlFpFKdf6uCa61cxS0sfmEnAi5r2Fh8VOA4w==",
      "cpu": [
        "arm64"
      ],
      "dev": true,
      "optional": true,
      "os": [
        "win32"
      ],
      "engines": {
        "node": ">= 10"
      }
    },
    "node_modules/@tauri-apps/cli-win32-ia32-msvc": {
      "version": "2.0.0-beta.7",
      "resolved": "https://registry.npmjs.org/@tauri-apps/cli-win32-ia32-msvc/-/cli-win32-ia32-msvc-2.0.0-beta.7.tgz",
      "integrity": "sha512-NuR1AkZlNwcu/Jv9qRKA0yguvJIW4aLEhZG6sWssMGhJGRzxZssZfHiBVfDCDQgfprbtOXXnshy7rFjNe0IEgA==",
      "cpu": [
        "ia32"
      ],
      "dev": true,
      "optional": true,
      "os": [
        "win32"
      ],
      "engines": {
        "node": ">= 10"
      }
    },
    "node_modules/@tauri-apps/cli-win32-x64-msvc": {
      "version": "2.0.0-beta.7",
      "resolved": "https://registry.npmjs.org/@tauri-apps/cli-win32-x64-msvc/-/cli-win32-x64-msvc-2.0.0-beta.7.tgz",
      "integrity": "sha512-BVlwb6fRRCOaQPZWYIee8Z37NEHkceVmFDSQhrmLhF9E60/M09UCTrj0J5IOrDSj7t5/h5aWlYmDTASaJJRzKg==",
      "cpu": [
        "x64"
      ],
      "dev": true,
      "optional": true,
      "os": [
        "win32"
      ],
      "engines": {
        "node": ">= 10"
      }
    }
  }
}
